// !$*UTF8*$!
{
	archiveVersion = 1;
	classes = {
	};
	objectVersion = 55;
	objects = {

/* Begin PBXBuildFile section */
		30E410D03C15501B6C9A7161 /* Pods_Whatlaza_WhatlazaUITests.framework in Frameworks */ = {isa = PBXBuildFile; fileRef = 6ACAC93C0A5B55175E20E8D2 /* Pods_Whatlaza_WhatlazaUITests.framework */; };
		414C36DE7C0EEAFCDE9FDEA5 /* Pods_Whatlaza.framework in Frameworks */ = {isa = PBXBuildFile; fileRef = 2B0E950B90C061D9D2B3BF7F /* Pods_Whatlaza.framework */; };
		4D8FE5402751A0F60007CCBE /* AppDelegate.swift in Sources */ = {isa = PBXBuildFile; fileRef = 4D8FE53F2751A0F60007CCBE /* AppDelegate.swift */; };
		4D8FE5422751A0F60007CCBE /* SceneDelegate.swift in Sources */ = {isa = PBXBuildFile; fileRef = 4D8FE5412751A0F60007CCBE /* SceneDelegate.swift */; };
		4D8FE5472751A0F60007CCBE /* Main.storyboard in Resources */ = {isa = PBXBuildFile; fileRef = 4D8FE5452751A0F60007CCBE /* Main.storyboard */; };
		4D8FE5492751A0F70007CCBE /* Assets.xcassets in Resources */ = {isa = PBXBuildFile; fileRef = 4D8FE5482751A0F70007CCBE /* Assets.xcassets */; };
		4D8FE54C2751A0F70007CCBE /* LaunchScreen.storyboard in Resources */ = {isa = PBXBuildFile; fileRef = 4D8FE54A2751A0F70007CCBE /* LaunchScreen.storyboard */; };
		4D8FE5572751A0F70007CCBE /* WhatlazaTests.swift in Sources */ = {isa = PBXBuildFile; fileRef = 4D8FE5562751A0F70007CCBE /* WhatlazaTests.swift */; };
		4D8FE5612751A0F80007CCBE /* WhatlazaUITests.swift in Sources */ = {isa = PBXBuildFile; fileRef = 4D8FE5602751A0F80007CCBE /* WhatlazaUITests.swift */; };
		4D8FE5632751A0F80007CCBE /* WhatlazaUITestsLaunchTests.swift in Sources */ = {isa = PBXBuildFile; fileRef = 4D8FE5622751A0F80007CCBE /* WhatlazaUITestsLaunchTests.swift */; };
		4D8FE5702751A40F0007CCBE /* MoviesViewController.swift in Sources */ = {isa = PBXBuildFile; fileRef = 4D8FE56F2751A40F0007CCBE /* MoviesViewController.swift */; };
		4D8FE5722751E8FA0007CCBE /* MovieCell.swift in Sources */ = {isa = PBXBuildFile; fileRef = 4D8FE5712751E8FA0007CCBE /* MovieCell.swift */; };
		BB3CFB36C7E203A51B388057 /* Pods_WhatlazaTests.framework in Frameworks */ = {isa = PBXBuildFile; fileRef = 150F285DCF259A6DCFF445BB /* Pods_WhatlazaTests.framework */; };
/* End PBXBuildFile section */

/* Begin PBXContainerItemProxy section */
		4D8FE5532751A0F70007CCBE /* PBXContainerItemProxy */ = {
			isa = PBXContainerItemProxy;
			containerPortal = 4D8FE5342751A0F60007CCBE /* Project object */;
			proxyType = 1;
			remoteGlobalIDString = 4D8FE53B2751A0F60007CCBE;
			remoteInfo = Whatlaza;
		};
		4D8FE55D2751A0F80007CCBE /* PBXContainerItemProxy */ = {
			isa = PBXContainerItemProxy;
			containerPortal = 4D8FE5342751A0F60007CCBE /* Project object */;
			proxyType = 1;
			remoteGlobalIDString = 4D8FE53B2751A0F60007CCBE;
			remoteInfo = Whatlaza;
		};
/* End PBXContainerItemProxy section */

/* Begin PBXFileReference section */
		06807F4F1502A4E1D70A4E18 /* Pods-Whatlaza-WhatlazaUITests.release.xcconfig */ = {isa = PBXFileReference; includeInIndex = 1; lastKnownFileType = text.xcconfig; name = "Pods-Whatlaza-WhatlazaUITests.release.xcconfig"; path = "Target Support Files/Pods-Whatlaza-WhatlazaUITests/Pods-Whatlaza-WhatlazaUITests.release.xcconfig"; sourceTree = "<group>"; };
		150F285DCF259A6DCFF445BB /* Pods_WhatlazaTests.framework */ = {isa = PBXFileReference; explicitFileType = wrapper.framework; includeInIndex = 0; path = Pods_WhatlazaTests.framework; sourceTree = BUILT_PRODUCTS_DIR; };
		2B0E950B90C061D9D2B3BF7F /* Pods_Whatlaza.framework */ = {isa = PBXFileReference; explicitFileType = wrapper.framework; includeInIndex = 0; path = Pods_Whatlaza.framework; sourceTree = BUILT_PRODUCTS_DIR; };
		4D8FE53C2751A0F60007CCBE /* Whatlaza.app */ = {isa = PBXFileReference; explicitFileType = wrapper.application; includeInIndex = 0; path = Whatlaza.app; sourceTree = BUILT_PRODUCTS_DIR; };
		4D8FE53F2751A0F60007CCBE /* AppDelegate.swift */ = {isa = PBXFileReference; lastKnownFileType = sourcecode.swift; path = AppDelegate.swift; sourceTree = "<group>"; };
		4D8FE5412751A0F60007CCBE /* SceneDelegate.swift */ = {isa = PBXFileReference; lastKnownFileType = sourcecode.swift; path = SceneDelegate.swift; sourceTree = "<group>"; };
		4D8FE5462751A0F60007CCBE /* Base */ = {isa = PBXFileReference; lastKnownFileType = file.storyboard; name = Base; path = Base.lproj/Main.storyboard; sourceTree = "<group>"; };
		4D8FE5482751A0F70007CCBE /* Assets.xcassets */ = {isa = PBXFileReference; lastKnownFileType = folder.assetcatalog; path = Assets.xcassets; sourceTree = "<group>"; };
		4D8FE54B2751A0F70007CCBE /* Base */ = {isa = PBXFileReference; lastKnownFileType = file.storyboard; name = Base; path = Base.lproj/LaunchScreen.storyboard; sourceTree = "<group>"; };
		4D8FE54D2751A0F70007CCBE /* Info.plist */ = {isa = PBXFileReference; lastKnownFileType = text.plist.xml; path = Info.plist; sourceTree = "<group>"; };
		4D8FE5522751A0F70007CCBE /* WhatlazaTests.xctest */ = {isa = PBXFileReference; explicitFileType = wrapper.cfbundle; includeInIndex = 0; path = WhatlazaTests.xctest; sourceTree = BUILT_PRODUCTS_DIR; };
		4D8FE5562751A0F70007CCBE /* WhatlazaTests.swift */ = {isa = PBXFileReference; lastKnownFileType = sourcecode.swift; path = WhatlazaTests.swift; sourceTree = "<group>"; };
		4D8FE55C2751A0F80007CCBE /* WhatlazaUITests.xctest */ = {isa = PBXFileReference; explicitFileType = wrapper.cfbundle; includeInIndex = 0; path = WhatlazaUITests.xctest; sourceTree = BUILT_PRODUCTS_DIR; };
		4D8FE5602751A0F80007CCBE /* WhatlazaUITests.swift */ = {isa = PBXFileReference; lastKnownFileType = sourcecode.swift; path = WhatlazaUITests.swift; sourceTree = "<group>"; };
		4D8FE5622751A0F80007CCBE /* WhatlazaUITestsLaunchTests.swift */ = {isa = PBXFileReference; lastKnownFileType = sourcecode.swift; path = WhatlazaUITestsLaunchTests.swift; sourceTree = "<group>"; };
		4D8FE56F2751A40F0007CCBE /* MoviesViewController.swift */ = {isa = PBXFileReference; lastKnownFileType = sourcecode.swift; path = MoviesViewController.swift; sourceTree = "<group>"; };
		4D8FE5712751E8FA0007CCBE /* MovieCell.swift */ = {isa = PBXFileReference; lastKnownFileType = sourcecode.swift; path = MovieCell.swift; sourceTree = "<group>"; };
		60C4D88EA729DDCC7E87F42E /* Pods-WhatlazaTests.debug.xcconfig */ = {isa = PBXFileReference; includeInIndex = 1; lastKnownFileType = text.xcconfig; name = "Pods-WhatlazaTests.debug.xcconfig"; path = "Target Support Files/Pods-WhatlazaTests/Pods-WhatlazaTests.debug.xcconfig"; sourceTree = "<group>"; };
		69071A4BEA3D086842C9DE3B /* Pods-WhatlazaTests.release.xcconfig */ = {isa = PBXFileReference; includeInIndex = 1; lastKnownFileType = text.xcconfig; name = "Pods-WhatlazaTests.release.xcconfig"; path = "Target Support Files/Pods-WhatlazaTests/Pods-WhatlazaTests.release.xcconfig"; sourceTree = "<group>"; };
		6ACAC93C0A5B55175E20E8D2 /* Pods_Whatlaza_WhatlazaUITests.framework */ = {isa = PBXFileReference; explicitFileType = wrapper.framework; includeInIndex = 0; path = Pods_Whatlaza_WhatlazaUITests.framework; sourceTree = BUILT_PRODUCTS_DIR; };
		7B6F5891BACC97ADA7D9A0F6 /* Pods-Whatlaza.release.xcconfig */ = {isa = PBXFileReference; includeInIndex = 1; lastKnownFileType = text.xcconfig; name = "Pods-Whatlaza.release.xcconfig"; path = "Target Support Files/Pods-Whatlaza/Pods-Whatlaza.release.xcconfig"; sourceTree = "<group>"; };
		9AE07EC678222CD7873B3136 /* Pods-Whatlaza-WhatlazaUITests.debug.xcconfig */ = {isa = PBXFileReference; includeInIndex = 1; lastKnownFileType = text.xcconfig; name = "Pods-Whatlaza-WhatlazaUITests.debug.xcconfig"; path = "Target Support Files/Pods-Whatlaza-WhatlazaUITests/Pods-Whatlaza-WhatlazaUITests.debug.xcconfig"; sourceTree = "<group>"; };
		BEA7DB54D0C545C810CB1C7C /* Pods-Whatlaza.debug.xcconfig */ = {isa = PBXFileReference; includeInIndex = 1; lastKnownFileType = text.xcconfig; name = "Pods-Whatlaza.debug.xcconfig"; path = "Target Support Files/Pods-Whatlaza/Pods-Whatlaza.debug.xcconfig"; sourceTree = "<group>"; };
/* End PBXFileReference section */

/* Begin PBXFrameworksBuildPhase section */
		4D8FE5392751A0F60007CCBE /* Frameworks */ = {
			isa = PBXFrameworksBuildPhase;
			buildActionMask = 2147483647;
			files = (
				414C36DE7C0EEAFCDE9FDEA5 /* Pods_Whatlaza.framework in Frameworks */,
			);
			runOnlyForDeploymentPostprocessing = 0;
		};
		4D8FE54F2751A0F70007CCBE /* Frameworks */ = {
			isa = PBXFrameworksBuildPhase;
			buildActionMask = 2147483647;
			files = (
				BB3CFB36C7E203A51B388057 /* Pods_WhatlazaTests.framework in Frameworks */,
			);
			runOnlyForDeploymentPostprocessing = 0;
		};
		4D8FE5592751A0F80007CCBE /* Frameworks */ = {
			isa = PBXFrameworksBuildPhase;
			buildActionMask = 2147483647;
			files = (
				30E410D03C15501B6C9A7161 /* Pods_Whatlaza_WhatlazaUITests.framework in Frameworks */,
			);
			runOnlyForDeploymentPostprocessing = 0;
		};
/* End PBXFrameworksBuildPhase section */

/* Begin PBXGroup section */
		4D8FE5332751A0F60007CCBE = {
			isa = PBXGroup;
			children = (
				4D8FE53E2751A0F60007CCBE /* Whatlaza */,
				4D8FE5552751A0F70007CCBE /* WhatlazaTests */,
				4D8FE55F2751A0F80007CCBE /* WhatlazaUITests */,
				4D8FE53D2751A0F60007CCBE /* Products */,
				CD3AF98259171E01FF20A28A /* Pods */,
				DE0DFC3C6D20D86A33537328 /* Frameworks */,
			);
			sourceTree = "<group>";
		};
		4D8FE53D2751A0F60007CCBE /* Products */ = {
			isa = PBXGroup;
			children = (
				4D8FE53C2751A0F60007CCBE /* Whatlaza.app */,
				4D8FE5522751A0F70007CCBE /* WhatlazaTests.xctest */,
				4D8FE55C2751A0F80007CCBE /* WhatlazaUITests.xctest */,
			);
			name = Products;
			sourceTree = "<group>";
		};
		4D8FE53E2751A0F60007CCBE /* Whatlaza */ = {
			isa = PBXGroup;
			children = (
				4D8FE53F2751A0F60007CCBE /* AppDelegate.swift */,
				4D8FE5412751A0F60007CCBE /* SceneDelegate.swift */,
				4D8FE5452751A0F60007CCBE /* Main.storyboard */,
				4D8FE5712751E8FA0007CCBE /* MovieCell.swift */,
				4D8FE5482751A0F70007CCBE /* Assets.xcassets */,
				4D8FE54A2751A0F70007CCBE /* LaunchScreen.storyboard */,
				4D8FE54D2751A0F70007CCBE /* Info.plist */,
				4D8FE56F2751A40F0007CCBE /* MoviesViewController.swift */,
			);
			path = Whatlaza;
			sourceTree = "<group>";
		};
		4D8FE5552751A0F70007CCBE /* WhatlazaTests */ = {
			isa = PBXGroup;
			children = (
				4D8FE5562751A0F70007CCBE /* WhatlazaTests.swift */,
			);
			path = WhatlazaTests;
			sourceTree = "<group>";
		};
		4D8FE55F2751A0F80007CCBE /* WhatlazaUITests */ = {
			isa = PBXGroup;
			children = (
				4D8FE5602751A0F80007CCBE /* WhatlazaUITests.swift */,
				4D8FE5622751A0F80007CCBE /* WhatlazaUITestsLaunchTests.swift */,
			);
			path = WhatlazaUITests;
			sourceTree = "<group>";
		};
		CD3AF98259171E01FF20A28A /* Pods */ = {
			isa = PBXGroup;
			children = (
				BEA7DB54D0C545C810CB1C7C /* Pods-Whatlaza.debug.xcconfig */,
				7B6F5891BACC97ADA7D9A0F6 /* Pods-Whatlaza.release.xcconfig */,
				9AE07EC678222CD7873B3136 /* Pods-Whatlaza-WhatlazaUITests.debug.xcconfig */,
				06807F4F1502A4E1D70A4E18 /* Pods-Whatlaza-WhatlazaUITests.release.xcconfig */,
				60C4D88EA729DDCC7E87F42E /* Pods-WhatlazaTests.debug.xcconfig */,
				69071A4BEA3D086842C9DE3B /* Pods-WhatlazaTests.release.xcconfig */,
			);
			name = Pods;
			path = Pods;
			sourceTree = "<group>";
		};
		DE0DFC3C6D20D86A33537328 /* Frameworks */ = {
			isa = PBXGroup;
			children = (
				2B0E950B90C061D9D2B3BF7F /* Pods_Whatlaza.framework */,
				6ACAC93C0A5B55175E20E8D2 /* Pods_Whatlaza_WhatlazaUITests.framework */,
				150F285DCF259A6DCFF445BB /* Pods_WhatlazaTests.framework */,
			);
			name = Frameworks;
			sourceTree = "<group>";
		};
/* End PBXGroup section */

/* Begin PBXNativeTarget section */
		4D8FE53B2751A0F60007CCBE /* Whatlaza */ = {
			isa = PBXNativeTarget;
			buildConfigurationList = 4D8FE5662751A0F80007CCBE /* Build configuration list for PBXNativeTarget "Whatlaza" */;
			buildPhases = (
				55024ACC6DBC2D6FA5B9D73D /* [CP] Check Pods Manifest.lock */,
				4D8FE5382751A0F60007CCBE /* Sources */,
				4D8FE5392751A0F60007CCBE /* Frameworks */,
				4D8FE53A2751A0F60007CCBE /* Resources */,
				079C307B904D2D211AD97A21 /* [CP] Embed Pods Frameworks */,
			);
			buildRules = (
			);
			dependencies = (
			);
			name = Whatlaza;
			productName = Whatlaza;
			productReference = 4D8FE53C2751A0F60007CCBE /* Whatlaza.app */;
			productType = "com.apple.product-type.application";
		};
		4D8FE5512751A0F70007CCBE /* WhatlazaTests */ = {
			isa = PBXNativeTarget;
			buildConfigurationList = 4D8FE5692751A0F80007CCBE /* Build configuration list for PBXNativeTarget "WhatlazaTests" */;
			buildPhases = (
				F514E142E3CCBDC673819760 /* [CP] Check Pods Manifest.lock */,
				4D8FE54E2751A0F70007CCBE /* Sources */,
				4D8FE54F2751A0F70007CCBE /* Frameworks */,
				4D8FE5502751A0F70007CCBE /* Resources */,
			);
			buildRules = (
			);
			dependencies = (
				4D8FE5542751A0F70007CCBE /* PBXTargetDependency */,
			);
			name = WhatlazaTests;
			productName = WhatlazaTests;
			productReference = 4D8FE5522751A0F70007CCBE /* WhatlazaTests.xctest */;
			productType = "com.apple.product-type.bundle.unit-test";
		};
		4D8FE55B2751A0F80007CCBE /* WhatlazaUITests */ = {
			isa = PBXNativeTarget;
			buildConfigurationList = 4D8FE56C2751A0F80007CCBE /* Build configuration list for PBXNativeTarget "WhatlazaUITests" */;
			buildPhases = (
				9841CAE861FF9DF8A97A6713 /* [CP] Check Pods Manifest.lock */,
				4D8FE5582751A0F80007CCBE /* Sources */,
				4D8FE5592751A0F80007CCBE /* Frameworks */,
				4D8FE55A2751A0F80007CCBE /* Resources */,
				B9581306A1492910533B2601 /* [CP] Embed Pods Frameworks */,
			);
			buildRules = (
			);
			dependencies = (
				4D8FE55E2751A0F80007CCBE /* PBXTargetDependency */,
			);
			name = WhatlazaUITests;
			productName = WhatlazaUITests;
			productReference = 4D8FE55C2751A0F80007CCBE /* WhatlazaUITests.xctest */;
			productType = "com.apple.product-type.bundle.ui-testing";
		};
/* End PBXNativeTarget section */

/* Begin PBXProject section */
		4D8FE5342751A0F60007CCBE /* Project object */ = {
			isa = PBXProject;
			attributes = {
				BuildIndependentTargetsInParallel = 1;
				LastSwiftUpdateCheck = 1310;
				LastUpgradeCheck = 1310;
				TargetAttributes = {
					4D8FE53B2751A0F60007CCBE = {
						CreatedOnToolsVersion = 13.1;
					};
					4D8FE5512751A0F70007CCBE = {
						CreatedOnToolsVersion = 13.1;
						TestTargetID = 4D8FE53B2751A0F60007CCBE;
					};
					4D8FE55B2751A0F80007CCBE = {
						CreatedOnToolsVersion = 13.1;
						TestTargetID = 4D8FE53B2751A0F60007CCBE;
					};
				};
			};
			buildConfigurationList = 4D8FE5372751A0F60007CCBE /* Build configuration list for PBXProject "Whatlaza" */;
			compatibilityVersion = "Xcode 13.0";
			developmentRegion = en;
			hasScannedForEncodings = 0;
			knownRegions = (
				en,
				Base,
			);
			mainGroup = 4D8FE5332751A0F60007CCBE;
			productRefGroup = 4D8FE53D2751A0F60007CCBE /* Products */;
			projectDirPath = "";
			projectRoot = "";
			targets = (
				4D8FE53B2751A0F60007CCBE /* Whatlaza */,
				4D8FE5512751A0F70007CCBE /* WhatlazaTests */,
				4D8FE55B2751A0F80007CCBE /* WhatlazaUITests */,
			);
		};
/* End PBXProject section */

/* Begin PBXResourcesBuildPhase section */
		4D8FE53A2751A0F60007CCBE /* Resources */ = {
			isa = PBXResourcesBuildPhase;
			buildActionMask = 2147483647;
			files = (
				4D8FE54C2751A0F70007CCBE /* LaunchScreen.storyboard in Resources */,
				4D8FE5492751A0F70007CCBE /* Assets.xcassets in Resources */,
				4D8FE5472751A0F60007CCBE /* Main.storyboard in Resources */,
			);
			runOnlyForDeploymentPostprocessing = 0;
		};
		4D8FE5502751A0F70007CCBE /* Resources */ = {
			isa = PBXResourcesBuildPhase;
			buildActionMask = 2147483647;
			files = (
			);
			runOnlyForDeploymentPostprocessing = 0;
		};
		4D8FE55A2751A0F80007CCBE /* Resources */ = {
			isa = PBXResourcesBuildPhase;
			buildActionMask = 2147483647;
			files = (
			);
			runOnlyForDeploymentPostprocessing = 0;
		};
/* End PBXResourcesBuildPhase section */

/* Begin PBXShellScriptBuildPhase section */
		079C307B904D2D211AD97A21 /* [CP] Embed Pods Frameworks */ = {
			isa = PBXShellScriptBuildPhase;
			buildActionMask = 2147483647;
			files = (
			);
			inputFileListPaths = (
				"${PODS_ROOT}/Target Support Files/Pods-Whatlaza/Pods-Whatlaza-frameworks-${CONFIGURATION}-input-files.xcfilelist",
			);
			name = "[CP] Embed Pods Frameworks";
			outputFileListPaths = (
				"${PODS_ROOT}/Target Support Files/Pods-Whatlaza/Pods-Whatlaza-frameworks-${CONFIGURATION}-output-files.xcfilelist",
			);
			runOnlyForDeploymentPostprocessing = 0;
			shellPath = /bin/sh;
			shellScript = "\"${PODS_ROOT}/Target Support Files/Pods-Whatlaza/Pods-Whatlaza-frameworks.sh\"\n";
			showEnvVarsInLog = 0;
		};
		55024ACC6DBC2D6FA5B9D73D /* [CP] Check Pods Manifest.lock */ = {
			isa = PBXShellScriptBuildPhase;
			buildActionMask = 2147483647;
			files = (
			);
			inputFileListPaths = (
			);
			inputPaths = (
				"${PODS_PODFILE_DIR_PATH}/Podfile.lock",
				"${PODS_ROOT}/Manifest.lock",
			);
			name = "[CP] Check Pods Manifest.lock";
			outputFileListPaths = (
			);
			outputPaths = (
				"$(DERIVED_FILE_DIR)/Pods-Whatlaza-checkManifestLockResult.txt",
			);
			runOnlyForDeploymentPostprocessing = 0;
			shellPath = /bin/sh;
			shellScript = "diff \"${PODS_PODFILE_DIR_PATH}/Podfile.lock\" \"${PODS_ROOT}/Manifest.lock\" > /dev/null\nif [ $? != 0 ] ; then\n    # print error to STDERR\n    echo \"error: The sandbox is not in sync with the Podfile.lock. Run 'pod install' or update your CocoaPods installation.\" >&2\n    exit 1\nfi\n# This output is used by Xcode 'outputs' to avoid re-running this script phase.\necho \"SUCCESS\" > \"${SCRIPT_OUTPUT_FILE_0}\"\n";
			showEnvVarsInLog = 0;
		};
		9841CAE861FF9DF8A97A6713 /* [CP] Check Pods Manifest.lock */ = {
			isa = PBXShellScriptBuildPhase;
			buildActionMask = 2147483647;
			files = (
			);
			inputFileListPaths = (
			);
			inputPaths = (
				"${PODS_PODFILE_DIR_PATH}/Podfile.lock",
				"${PODS_ROOT}/Manifest.lock",
			);
			name = "[CP] Check Pods Manifest.lock";
			outputFileListPaths = (
			);
			outputPaths = (
				"$(DERIVED_FILE_DIR)/Pods-Whatlaza-WhatlazaUITests-checkManifestLockResult.txt",
			);
			runOnlyForDeploymentPostprocessing = 0;
			shellPath = /bin/sh;
			shellScript = "diff \"${PODS_PODFILE_DIR_PATH}/Podfile.lock\" \"${PODS_ROOT}/Manifest.lock\" > /dev/null\nif [ $? != 0 ] ; then\n    # print error to STDERR\n    echo \"error: The sandbox is not in sync with the Podfile.lock. Run 'pod install' or update your CocoaPods installation.\" >&2\n    exit 1\nfi\n# This output is used by Xcode 'outputs' to avoid re-running this script phase.\necho \"SUCCESS\" > \"${SCRIPT_OUTPUT_FILE_0}\"\n";
			showEnvVarsInLog = 0;
		};
		B9581306A1492910533B2601 /* [CP] Embed Pods Frameworks */ = {
			isa = PBXShellScriptBuildPhase;
			buildActionMask = 2147483647;
			files = (
			);
			inputFileListPaths = (
				"${PODS_ROOT}/Target Support Files/Pods-Whatlaza-WhatlazaUITests/Pods-Whatlaza-WhatlazaUITests-frameworks-${CONFIGURATION}-input-files.xcfilelist",
			);
			name = "[CP] Embed Pods Frameworks";
			outputFileListPaths = (
				"${PODS_ROOT}/Target Support Files/Pods-Whatlaza-WhatlazaUITests/Pods-Whatlaza-WhatlazaUITests-frameworks-${CONFIGURATION}-output-files.xcfilelist",
			);
			runOnlyForDeploymentPostprocessing = 0;
			shellPath = /bin/sh;
			shellScript = "\"${PODS_ROOT}/Target Support Files/Pods-Whatlaza-WhatlazaUITests/Pods-Whatlaza-WhatlazaUITests-frameworks.sh\"\n";
			showEnvVarsInLog = 0;
		};
		F514E142E3CCBDC673819760 /* [CP] Check Pods Manifest.lock */ = {
			isa = PBXShellScriptBuildPhase;
			buildActionMask = 2147483647;
			files = (
			);
			inputFileListPaths = (
			);
			inputPaths = (
				"${PODS_PODFILE_DIR_PATH}/Podfile.lock",
				"${PODS_ROOT}/Manifest.lock",
			);
			name = "[CP] Check Pods Manifest.lock";
			outputFileListPaths = (
			);
			outputPaths = (
				"$(DERIVED_FILE_DIR)/Pods-WhatlazaTests-checkManifestLockResult.txt",
			);
			runOnlyForDeploymentPostprocessing = 0;
			shellPath = /bin/sh;
			shellScript = "diff \"${PODS_PODFILE_DIR_PATH}/Podfile.lock\" \"${PODS_ROOT}/Manifest.lock\" > /dev/null\nif [ $? != 0 ] ; then\n    # print error to STDERR\n    echo \"error: The sandbox is not in sync with the Podfile.lock. Run 'pod install' or update your CocoaPods installation.\" >&2\n    exit 1\nfi\n# This output is used by Xcode 'outputs' to avoid re-running this script phase.\necho \"SUCCESS\" > \"${SCRIPT_OUTPUT_FILE_0}\"\n";
			showEnvVarsInLog = 0;
		};
/* End PBXShellScriptBuildPhase section */

/* Begin PBXSourcesBuildPhase section */
		4D8FE5382751A0F60007CCBE /* Sources */ = {
			isa = PBXSourcesBuildPhase;
			buildActionMask = 2147483647;
			files = (
				4D8FE5402751A0F60007CCBE /* AppDelegate.swift in Sources */,
				4D8FE5422751A0F60007CCBE /* SceneDelegate.swift in Sources */,
				4D8FE5722751E8FA0007CCBE /* MovieCell.swift in Sources */,
				4D8FE5702751A40F0007CCBE /* MoviesViewController.swift in Sources */,
			);
			runOnlyForDeploymentPostprocessing = 0;
		};
		4D8FE54E2751A0F70007CCBE /* Sources */ = {
			isa = PBXSourcesBuildPhase;
			buildActionMask = 2147483647;
			files = (
				4D8FE5572751A0F70007CCBE /* WhatlazaTests.swift in Sources */,
			);
			runOnlyForDeploymentPostprocessing = 0;
		};
		4D8FE5582751A0F80007CCBE /* Sources */ = {
			isa = PBXSourcesBuildPhase;
			buildActionMask = 2147483647;
			files = (
				4D8FE5632751A0F80007CCBE /* WhatlazaUITestsLaunchTests.swift in Sources */,
				4D8FE5612751A0F80007CCBE /* WhatlazaUITests.swift in Sources */,
			);
			runOnlyForDeploymentPostprocessing = 0;
		};
/* End PBXSourcesBuildPhase section */

/* Begin PBXTargetDependency section */
		4D8FE5542751A0F70007CCBE /* PBXTargetDependency */ = {
			isa = PBXTargetDependency;
			target = 4D8FE53B2751A0F60007CCBE /* Whatlaza */;
			targetProxy = 4D8FE5532751A0F70007CCBE /* PBXContainerItemProxy */;
		};
		4D8FE55E2751A0F80007CCBE /* PBXTargetDependency */ = {
			isa = PBXTargetDependency;
			target = 4D8FE53B2751A0F60007CCBE /* Whatlaza */;
			targetProxy = 4D8FE55D2751A0F80007CCBE /* PBXContainerItemProxy */;
		};
/* End PBXTargetDependency section */

/* Begin PBXVariantGroup section */
		4D8FE5452751A0F60007CCBE /* Main.storyboard */ = {
			isa = PBXVariantGroup;
			children = (
				4D8FE5462751A0F60007CCBE /* Base */,
			);
			name = Main.storyboard;
			sourceTree = "<group>";
		};
		4D8FE54A2751A0F70007CCBE /* LaunchScreen.storyboard */ = {
			isa = PBXVariantGroup;
			children = (
				4D8FE54B2751A0F70007CCBE /* Base */,
			);
			name = LaunchScreen.storyboard;
			sourceTree = "<group>";
		};
/* End PBXVariantGroup section */

/* Begin XCBuildConfiguration section */
		4D8FE5642751A0F80007CCBE /* Debug */ = {
			isa = XCBuildConfiguration;
			buildSettings = {
				ALWAYS_SEARCH_USER_PATHS = NO;
				CLANG_ANALYZER_NONNULL = YES;
				CLANG_ANALYZER_NUMBER_OBJECT_CONVERSION = YES_AGGRESSIVE;
				CLANG_CXX_LANGUAGE_STANDARD = "gnu++17";
				CLANG_CXX_LIBRARY = "libc++";
				CLANG_ENABLE_MODULES = YES;
				CLANG_ENABLE_OBJC_ARC = YES;
				CLANG_ENABLE_OBJC_WEAK = YES;
				CLANG_WARN_BLOCK_CAPTURE_AUTORELEASING = YES;
				CLANG_WARN_BOOL_CONVERSION = YES;
				CLANG_WARN_COMMA = YES;
				CLANG_WARN_CONSTANT_CONVERSION = YES;
				CLANG_WARN_DEPRECATED_OBJC_IMPLEMENTATIONS = YES;
				CLANG_WARN_DIRECT_OBJC_ISA_USAGE = YES_ERROR;
				CLANG_WARN_DOCUMENTATION_COMMENTS = YES;
				CLANG_WARN_EMPTY_BODY = YES;
				CLANG_WARN_ENUM_CONVERSION = YES;
				CLANG_WARN_INFINITE_RECURSION = YES;
				CLANG_WARN_INT_CONVERSION = YES;
				CLANG_WARN_NON_LITERAL_NULL_CONVERSION = YES;
				CLANG_WARN_OBJC_IMPLICIT_RETAIN_SELF = YES;
				CLANG_WARN_OBJC_LITERAL_CONVERSION = YES;
				CLANG_WARN_OBJC_ROOT_CLASS = YES_ERROR;
				CLANG_WARN_QUOTED_INCLUDE_IN_FRAMEWORK_HEADER = YES;
				CLANG_WARN_RANGE_LOOP_ANALYSIS = YES;
				CLANG_WARN_STRICT_PROTOTYPES = YES;
				CLANG_WARN_SUSPICIOUS_MOVE = YES;
				CLANG_WARN_UNGUARDED_AVAILABILITY = YES_AGGRESSIVE;
				CLANG_WARN_UNREACHABLE_CODE = YES;
				CLANG_WARN__DUPLICATE_METHOD_MATCH = YES;
				COPY_PHASE_STRIP = NO;
				DEBUG_INFORMATION_FORMAT = dwarf;
				ENABLE_STRICT_OBJC_MSGSEND = YES;
				ENABLE_TESTABILITY = YES;
				GCC_C_LANGUAGE_STANDARD = gnu11;
				GCC_DYNAMIC_NO_PIC = NO;
				GCC_NO_COMMON_BLOCKS = YES;
				GCC_OPTIMIZATION_LEVEL = 0;
				GCC_PREPROCESSOR_DEFINITIONS = (
					"DEBUG=1",
					"$(inherited)",
				);
				GCC_WARN_64_TO_32_BIT_CONVERSION = YES;
				GCC_WARN_ABOUT_RETURN_TYPE = YES_ERROR;
				GCC_WARN_UNDECLARED_SELECTOR = YES;
				GCC_WARN_UNINITIALIZED_AUTOS = YES_AGGRESSIVE;
				GCC_WARN_UNUSED_FUNCTION = YES;
				GCC_WARN_UNUSED_VARIABLE = YES;
				IPHONEOS_DEPLOYMENT_TARGET = 15.0;
				MTL_ENABLE_DEBUG_INFO = INCLUDE_SOURCE;
				MTL_FAST_MATH = YES;
				ONLY_ACTIVE_ARCH = YES;
				SDKROOT = iphoneos;
				SWIFT_ACTIVE_COMPILATION_CONDITIONS = DEBUG;
				SWIFT_OPTIMIZATION_LEVEL = "-Onone";
			};
			name = Debug;
		};
		4D8FE5652751A0F80007CCBE /* Release */ = {
			isa = XCBuildConfiguration;
			buildSettings = {
				ALWAYS_SEARCH_USER_PATHS = NO;
				CLANG_ANALYZER_NONNULL = YES;
				CLANG_ANALYZER_NUMBER_OBJECT_CONVERSION = YES_AGGRESSIVE;
				CLANG_CXX_LANGUAGE_STANDARD = "gnu++17";
				CLANG_CXX_LIBRARY = "libc++";
				CLANG_ENABLE_MODULES = YES;
				CLANG_ENABLE_OBJC_ARC = YES;
				CLANG_ENABLE_OBJC_WEAK = YES;
				CLANG_WARN_BLOCK_CAPTURE_AUTORELEASING = YES;
				CLANG_WARN_BOOL_CONVERSION = YES;
				CLANG_WARN_COMMA = YES;
				CLANG_WARN_CONSTANT_CONVERSION = YES;
				CLANG_WARN_DEPRECATED_OBJC_IMPLEMENTATIONS = YES;
				CLANG_WARN_DIRECT_OBJC_ISA_USAGE = YES_ERROR;
				CLANG_WARN_DOCUMENTATION_COMMENTS = YES;
				CLANG_WARN_EMPTY_BODY = YES;
				CLANG_WARN_ENUM_CONVERSION = YES;
				CLANG_WARN_INFINITE_RECURSION = YES;
				CLANG_WARN_INT_CONVERSION = YES;
				CLANG_WARN_NON_LITERAL_NULL_CONVERSION = YES;
				CLANG_WARN_OBJC_IMPLICIT_RETAIN_SELF = YES;
				CLANG_WARN_OBJC_LITERAL_CONVERSION = YES;
				CLANG_WARN_OBJC_ROOT_CLASS = YES_ERROR;
				CLANG_WARN_QUOTED_INCLUDE_IN_FRAMEWORK_HEADER = YES;
				CLANG_WARN_RANGE_LOOP_ANALYSIS = YES;
				CLANG_WARN_STRICT_PROTOTYPES = YES;
				CLANG_WARN_SUSPICIOUS_MOVE = YES;
				CLANG_WARN_UNGUARDED_AVAILABILITY = YES_AGGRESSIVE;
				CLANG_WARN_UNREACHABLE_CODE = YES;
				CLANG_WARN__DUPLICATE_METHOD_MATCH = YES;
				COPY_PHASE_STRIP = NO;
				DEBUG_INFORMATION_FORMAT = "dwarf-with-dsym";
				ENABLE_NS_ASSERTIONS = NO;
				ENABLE_STRICT_OBJC_MSGSEND = YES;
				GCC_C_LANGUAGE_STANDARD = gnu11;
				GCC_NO_COMMON_BLOCKS = YES;
				GCC_WARN_64_TO_32_BIT_CONVERSION = YES;
				GCC_WARN_ABOUT_RETURN_TYPE = YES_ERROR;
				GCC_WARN_UNDECLARED_SELECTOR = YES;
				GCC_WARN_UNINITIALIZED_AUTOS = YES_AGGRESSIVE;
				GCC_WARN_UNUSED_FUNCTION = YES;
				GCC_WARN_UNUSED_VARIABLE = YES;
				IPHONEOS_DEPLOYMENT_TARGET = 15.0;
				MTL_ENABLE_DEBUG_INFO = NO;
				MTL_FAST_MATH = YES;
				SDKROOT = iphoneos;
				SWIFT_COMPILATION_MODE = wholemodule;
				SWIFT_OPTIMIZATION_LEVEL = "-O";
				VALIDATE_PRODUCT = YES;
			};
			name = Release;
		};
		4D8FE5672751A0F80007CCBE /* Debug */ = {
			isa = XCBuildConfiguration;
			baseConfigurationReference = BEA7DB54D0C545C810CB1C7C /* Pods-Whatlaza.debug.xcconfig */;
			buildSettings = {
				ASSETCATALOG_COMPILER_APPICON_NAME = AppIcon;
				ASSETCATALOG_COMPILER_GLOBAL_ACCENT_COLOR_NAME = AccentColor;
				CODE_SIGN_STYLE = Automatic;
				CURRENT_PROJECT_VERSION = 1;
				DEVELOPMENT_TEAM = 2M5H6T53K2;
				GENERATE_INFOPLIST_FILE = YES;
				INFOPLIST_FILE = Whatlaza/Info.plist;
				INFOPLIST_KEY_UIApplicationSupportsIndirectInputEvents = YES;
				INFOPLIST_KEY_UILaunchStoryboardName = LaunchScreen;
				INFOPLIST_KEY_UIMainStoryboardFile = Main;
				INFOPLIST_KEY_UISupportedInterfaceOrientations_iPad = "UIInterfaceOrientationPortrait UIInterfaceOrientationPortraitUpsideDown UIInterfaceOrientationLandscapeLeft UIInterfaceOrientationLandscapeRight";
				INFOPLIST_KEY_UISupportedInterfaceOrientations_iPhone = "UIInterfaceOrientationPortrait UIInterfaceOrientationLandscapeLeft UIInterfaceOrientationLandscapeRight";
				LD_RUNPATH_SEARCH_PATHS = (
					"$(inherited)",
					"@executable_path/Frameworks",
				);
				MARKETING_VERSION = 1.0;
				PRODUCT_BUNDLE_IDENTIFIER = com.astronaut.Whatlaza;
				PRODUCT_NAME = "$(TARGET_NAME)";
				SWIFT_EMIT_LOC_STRINGS = YES;
				SWIFT_VERSION = 5.0;
				TARGETED_DEVICE_FAMILY = "1,2";
			};
			name = Debug;
		};
		4D8FE5682751A0F80007CCBE /* Release */ = {
			isa = XCBuildConfiguration;
			baseConfigurationReference = 7B6F5891BACC97ADA7D9A0F6 /* Pods-Whatlaza.release.xcconfig */;
			buildSettings = {
				ASSETCATALOG_COMPILER_APPICON_NAME = AppIcon;
				ASSETCATALOG_COMPILER_GLOBAL_ACCENT_COLOR_NAME = AccentColor;
				CODE_SIGN_STYLE = Automatic;
				CURRENT_PROJECT_VERSION = 1;
				DEVELOPMENT_TEAM = 2M5H6T53K2;
				GENERATE_INFOPLIST_FILE = YES;
				INFOPLIST_FILE = Whatlaza/Info.plist;
				INFOPLIST_KEY_UIApplicationSupportsIndirectInputEvents = YES;
				INFOPLIST_KEY_UILaunchStoryboardName = LaunchScreen;
				INFOPLIST_KEY_UIMainStoryboardFile = Main;
				INFOPLIST_KEY_UISupportedInterfaceOrientations_iPad = "UIInterfaceOrientationPortrait UIInterfaceOrientationPortraitUpsideDown UIInterfaceOrientationLandscapeLeft UIInterfaceOrientationLandscapeRight";
				INFOPLIST_KEY_UISupportedInterfaceOrientations_iPhone = "UIInterfaceOrientationPortrait UIInterfaceOrientationLandscapeLeft UIInterfaceOrientationLandscapeRight";
				LD_RUNPATH_SEARCH_PATHS = (
					"$(inherited)",
					"@executable_path/Frameworks",
				);
				MARKETING_VERSION = 1.0;
				PRODUCT_BUNDLE_IDENTIFIER = com.astronaut.Whatlaza;
				PRODUCT_NAME = "$(TARGET_NAME)";
				SWIFT_EMIT_LOC_STRINGS = YES;
				SWIFT_VERSION = 5.0;
				TARGETED_DEVICE_FAMILY = "1,2";
			};
			name = Release;
		};
		4D8FE56A2751A0F80007CCBE /* Debug */ = {
			isa = XCBuildConfiguration;
			baseConfigurationReference = 60C4D88EA729DDCC7E87F42E /* Pods-WhatlazaTests.debug.xcconfig */;
			buildSettings = {
				ALWAYS_EMBED_SWIFT_STANDARD_LIBRARIES = YES;
				BUNDLE_LOADER = "$(TEST_HOST)";
				CODE_SIGN_STYLE = Automatic;
				CURRENT_PROJECT_VERSION = 1;
				DEVELOPMENT_TEAM = 2M5H6T53K2;
				GENERATE_INFOPLIST_FILE = YES;
				IPHONEOS_DEPLOYMENT_TARGET = 15.0;
				LD_RUNPATH_SEARCH_PATHS = (
					"$(inherited)",
					"@executable_path/Frameworks",
					"@loader_path/Frameworks",
				);
				MARKETING_VERSION = 1.0;
				PRODUCT_BUNDLE_IDENTIFIER = com.astronaut.WhatlazaTests;
				PRODUCT_NAME = "$(TARGET_NAME)";
				SWIFT_EMIT_LOC_STRINGS = NO;
				SWIFT_VERSION = 5.0;
				TARGETED_DEVICE_FAMILY = "1,2";
				TEST_HOST = "$(BUILT_PRODUCTS_DIR)/Whatlaza.app/Whatlaza";
			};
			name = Debug;
		};
		4D8FE56B2751A0F80007CCBE /* Release */ = {
			isa = XCBuildConfiguration;
			baseConfigurationReference = 69071A4BEA3D086842C9DE3B /* Pods-WhatlazaTests.release.xcconfig */;
			buildSettings = {
				ALWAYS_EMBED_SWIFT_STANDARD_LIBRARIES = YES;
				BUNDLE_LOADER = "$(TEST_HOST)";
				CODE_SIGN_STYLE = Automatic;
				CURRENT_PROJECT_VERSION = 1;
				DEVELOPMENT_TEAM = 2M5H6T53K2;
				GENERATE_INFOPLIST_FILE = YES;
				IPHONEOS_DEPLOYMENT_TARGET = 15.0;
				LD_RUNPATH_SEARCH_PATHS = (
					"$(inherited)",
					"@executable_path/Frameworks",
					"@loader_path/Frameworks",
				);
				MARKETING_VERSION = 1.0;
				PRODUCT_BUNDLE_IDENTIFIER = com.astronaut.WhatlazaTests;
				PRODUCT_NAME = "$(TARGET_NAME)";
				SWIFT_EMIT_LOC_STRINGS = NO;
				SWIFT_VERSION = 5.0;
				TARGETED_DEVICE_FAMILY = "1,2";
				TEST_HOST = "$(BUILT_PRODUCTS_DIR)/Whatlaza.app/Whatlaza";
			};
			name = Release;
		};
		4D8FE56D2751A0F80007CCBE /* Debug */ = {
			isa = XCBuildConfiguration;
			baseConfigurationReference = 9AE07EC678222CD7873B3136 /* Pods-Whatlaza-WhatlazaUITests.debug.xcconfig */;
			buildSettings = {
				ALWAYS_EMBED_SWIFT_STANDARD_LIBRARIES = YES;
				CODE_SIGN_STYLE = Automatic;
				CURRENT_PROJECT_VERSION = 1;
				DEVELOPMENT_TEAM = 2M5H6T53K2;
				GENERATE_INFOPLIST_FILE = YES;
				LD_RUNPATH_SEARCH_PATHS = (
					"$(inherited)",
					"@executable_path/Frameworks",
					"@loader_path/Frameworks",
				);
				MARKETING_VERSION = 1.0;
				PRODUCT_BUNDLE_IDENTIFIER = com.astronaut.WhatlazaUITests;
				PRODUCT_NAME = "$(TARGET_NAME)";
				SWIFT_EMIT_LOC_STRINGS = NO;
				SWIFT_VERSION = 5.0;
				TARGETED_DEVICE_FAMILY = "1,2";
				TEST_TARGET_NAME = Whatlaza;
			};
			name = Debug;
		};
		4D8FE56E2751A0F80007CCBE /* Release */ = {
			isa = XCBuildConfiguration;
			baseConfigurationReference = 06807F4F1502A4E1D70A4E18 /* Pods-Whatlaza-WhatlazaUITests.release.xcconfig */;
			buildSettings = {
				ALWAYS_EMBED_SWIFT_STANDARD_LIBRARIES = YES;
				CODE_SIGN_STYLE = Automatic;
				CURRENT_PROJECT_VERSION = 1;
				DEVELOPMENT_TEAM = 2M5H6T53K2;
				GENERATE_INFOPLIST_FILE = YES;
				LD_RUNPATH_SEARCH_PATHS = (
					"$(inherited)",
					"@executable_path/Frameworks",
					"@loader_path/Frameworks",
				);
				MARKETING_VERSION = 1.0;
				PRODUCT_BUNDLE_IDENTIFIER = com.astronaut.WhatlazaUITests;
				PRODUCT_NAME = "$(TARGET_NAME)";
				SWIFT_EMIT_LOC_STRINGS = NO;
				SWIFT_VERSION = 5.0;
				TARGETED_DEVICE_FAMILY = "1,2";
				TEST_TARGET_NAME = Whatlaza;
			};
			name = Release;
		};
/* End XCBuildConfiguration section */

/* Begin XCConfigurationList section */
		4D8FE5372751A0F60007CCBE /* Build configuration list for PBXProject "Whatlaza" */ = {
			isa = XCConfigurationList;
			buildConfigurations = (
				4D8FE5642751A0F80007CCBE /* Debug */,
				4D8FE5652751A0F80007CCBE /* Release */,
			);
			defaultConfigurationIsVisible = 0;
			defaultConfigurationName = Release;
		};
		4D8FE5662751A0F80007CCBE /* Build configuration list for PBXNativeTarget "Whatlaza" */ = {
			isa = XCConfigurationList;
			buildConfigurations = (
				4D8FE5672751A0F80007CCBE /* Debug */,
				4D8FE5682751A0F80007CCBE /* Release */,
			);
			defaultConfigurationIsVisible = 0;
			defaultConfigurationName = Release;
		};
		4D8FE5692751A0F80007CCBE /* Build configuration list for PBXNativeTarget "WhatlazaTests" */ = {
			isa = XCConfigurationList;
			buildConfigurations = (
				4D8FE56A2751A0F80007CCBE /* Debug */,
				4D8FE56B2751A0F80007CCBE /* Release */,
			);
			defaultConfigurationIsVisible = 0;
			defaultConfigurationName = Release;
		};
		4D8FE56C2751A0F80007CCBE /* Build configuration list for PBXNativeTarget "WhatlazaUITests" */ = {
			isa = XCConfigurationList;
			buildConfigurations = (
				4D8FE56D2751A0F80007CCBE /* Debug */,
				4D8FE56E2751A0F80007CCBE /* Release */,
			);
			defaultConfigurationIsVisible = 0;
			defaultConfigurationName = Release;
		};
/* End XCConfigurationList section */
	};
	rootObject = 4D8FE5342751A0F60007CCBE /* Project object */;
}
